
Microsoft Visual Studio Solution File, Format Version 12.00
Project("{FAE04EC0-301F-11D3-BF4B-00C04F79EFBC}") = "GoogleApis", "GoogleApis\GoogleApis.csproj", "{AA296722-5B75-4E36-91CC-3DD57FB7825A}"
EndProject
Global
	GlobalSection(SolutionConfigurationPlatforms) = preSolution
		Debug|Any CPU = Debug|Any CPU
		Release|Any CPU = Release|Any CPU
	EndGlobalSection
	GlobalSection(ProjectConfigurationPlatforms) = postSolution
		{AA296722-5B75-4E36-91CC-3DD57FB7825A}.Debug|Any CPU.ActiveCfg = Debug|Any CPU
		{AA296722-5B75-4E36-91CC-3DD57FB7825A}.Debug|Any CPU.Build.0 = Debug|Any CPU
		{AA296722-5B75-4E36-91CC-3DD57FB7825A}.Release|Any CPU.ActiveCfg = Release|Any CPU
		{AA296722-5B75-4E36-91CC-3DD57FB7825A}.Release|Any CPU.Build.0 = Release|Any CPU
	EndGlobalSection
EndGlobal
